<?xml version="1.0" encoding="utf-8"?>
<Project ToolsVersion="4.0" xmlns="http://schemas.microsoft.com/developer/msbuild/2003">
  <ItemGroup>
    <ClCompile Include="Actions\Action.cpp" />
    <ClCompile Include="Actions\AddCircAction.cpp" />
    <ClCompile Include="Actions\AddHexAction.cpp" />
    <ClCompile Include="Actions\AddSqrAction.cpp" />
    <ClCompile Include="Actions\AddTriAction.cpp" />
    <ClCompile Include="Actions\SelectAction.cpp" />
    <ClCompile Include="CMUgraphicsLib\auxil.cpp" />
    <ClCompile Include="CMUgraphicsLib\CMUgraphics.cpp" />
    <ClCompile Include="CMUgraphicsLib\colors.cpp" />
    <ClCompile Include="CMUgraphicsLib\image.cpp" />
    <ClCompile Include="CMUgraphicsLib\jpegload.c" />
    <ClCompile Include="CMUgraphicsLib\keyqueue.cpp" />
    <ClCompile Include="CMUgraphicsLib\mousequeue.cpp" />
    <ClCompile Include="CMUgraphicsLib\windowinput.cpp" />
    <ClCompile Include="CMUgraphicsLib\jpeg\jcomapi.c" />
    <ClCompile Include="CMUgraphicsLib\jpeg\jcparam.c" />
    <ClCompile Include="CMUgraphicsLib\jpeg\jdapimin.c" />
    <ClCompile Include="CMUgraphicsLib\jpeg\jdapistd.c" />
    <ClCompile Include="CMUgraphicsLib\jpeg\jdatasrc.c" />
    <ClCompile Include="CMUgraphicsLib\jpeg\jdcoefct.c" />
    <ClCompile Include="CMUgraphicsLib\jpeg\jdcolor.c" />
    <ClCompile Include="CMUgraphicsLib\jpeg\jddctmgr.c" />
    <ClCompile Include="CMUgraphicsLib\jpeg\jdhuff.c" />
    <ClCompile Include="CMUgraphicsLib\jpeg\jdinput.c" />
    <ClCompile Include="CMUgraphicsLib\jpeg\jdmainct.c" />
    <ClCompile Include="CMUgraphicsLib\jpeg\jdmarker.c" />
    <ClCompile Include="CMUgraphicsLib\jpeg\jdmaster.c" />
    <ClCompile Include="CMUgraphicsLib\jpeg\jdmerge.c" />
    <ClCompile Include="CMUgraphicsLib\jpeg\jdphuff.c" />
    <ClCompile Include="CMUgraphicsLib\jpeg\jdpostct.c" />
    <ClCompile Include="CMUgraphicsLib\jpeg\jdsample.c" />
    <ClCompile Include="CMUgraphicsLib\jpeg\jdtrans.c" />
    <ClCompile Include="CMUgraphicsLib\jpeg\jerror.c" />
    <ClCompile Include="CMUgraphicsLib\jpeg\jidctflt.c" />
    <ClCompile Include="CMUgraphicsLib\jpeg\jidctfst.c" />
    <ClCompile Include="CMUgraphicsLib\jpeg\jidctint.c" />
    <ClCompile Include="CMUgraphicsLib\jpeg\jidctred.c" />
    <ClCompile Include="CMUgraphicsLib\jpeg\jmemmgr.c" />
    <ClCompile Include="CMUgraphicsLib\jpeg\jmemnobs.c" />
    <ClCompile Include="CMUgraphicsLib\jpeg\jquant1.c" />
    <ClCompile Include="CMUgraphicsLib\jpeg\jquant2.c" />
    <ClCompile Include="CMUgraphicsLib\jpeg\jutils.c" />
    <ClCompile Include="Figures\CCircle.cpp" />
    <ClCompile Include="Figures\CFigure.cpp" />
    <ClCompile Include="Figures\CHexagon.cpp" />
    <ClCompile Include="Figures\CRectangle.cpp" />
    <ClCompile Include="Actions\AddRectAction.cpp" />
    <ClCompile Include="Figures\CSquare.cpp" />
    <ClCompile Include="Figures\CTriangle.cpp" />
    <ClCompile Include="GUI\Input.cpp" />
    <ClCompile Include="GUI\Output.cpp" />
    <ClCompile Include="ApplicationManager.cpp" />
    <ClCompile Include="main.cpp" />
    <ClCompile Include="CMUgraphicsLib\colors.cpp">
      <Filter>CMUgraphicsLib</Filter>
    </ClCompile>
    <ClCompile Include="Figures\CCircle.cpp">
      <Filter>Figures Classes</Filter>
    </ClCompile>
    <ClCompile Include="Figures\CHexagon.cpp">
      <Filter>Figures Classes</Filter>
    </ClCompile>
    <ClCompile Include="Figures\CSquare.cpp">
      <Filter>Figures Classes</Filter>
    </ClCompile>
    <ClCompile Include="Figures\CTriangle.cpp">
      <Filter>Figures Classes</Filter>
    </ClCompile>
    <ClCompile Include="Actions\AddSqrAction.cpp">
      <Filter>Action Classes</Filter>
    </ClCompile>
    <ClCompile Include="Actions\AddTriAction.cpp">
      <Filter>Action Classes</Filter>
    </ClCompile>
    <ClCompile Include="Actions\AddCircAction.cpp">
      <Filter>Action Classes</Filter>
    </ClCompile>
    <ClCompile Include="Actions\AddHexAction.cpp">
      <Filter>Action Classes</Filter>
    </ClCompile>
    <ClCompile Include="SaveAction.cpp">
      <Filter>Action Classes</Filter>
    </ClCompile>
  </ItemGroup>
  <ItemGroup>
    <ClInclude Include="Actions\Actions.h" />
    <ClInclude Include="Actions\AddCircAction.h" />
    <ClInclude Include="Actions\AddHexAction.h" />
    <ClInclude Include="Actions\AddSqrAction.h" />
    <ClInclude Include="Actions\AddTriAction.h" />
    <ClInclude Include="Actions\ColorAction.h" />
    <ClInclude Include="Actions\SelectAction.h" />
    <ClInclude Include="CMUgraphicsLib\auxil.h" />
    <ClInclude Include="CMUgraphicsLib\CMUgraphics.h" />
    <ClInclude Include="CMUgraphicsLib\colors.h" />
    <ClInclude Include="CMUgraphicsLib\error.h" />
    <ClInclude Include="CMUgraphicsLib\image.h" />
    <ClInclude Include="CMUgraphicsLib\jpegload.h" />
    <ClInclude Include="CMUgraphicsLib\keyqueue.h" />
    <ClInclude Include="CMUgraphicsLib\mousequeue.h" />
    <ClInclude Include="CMUgraphicsLib\version.h" />
    <ClInclude Include="CMUgraphicsLib\windowinput.h" />
    <ClInclude Include="CMUgraphicsLib\jpeg\jconfig.h" />
    <ClInclude Include="CMUgraphicsLib\jpeg\jdct.h" />
    <ClInclude Include="CMUgraphicsLib\jpeg\jdhuff.h" />
    <ClInclude Include="CMUgraphicsLib\jpeg\jerror.h" />
    <ClInclude Include="CMUgraphicsLib\jpeg\jinclude.h" />
    <ClInclude Include="CMUgraphicsLib\jpeg\jmemsys.h" />
    <ClInclude Include="CMUgraphicsLib\jpeg\jmorecfg.h" />
    <ClInclude Include="CMUgraphicsLib\jpeg\jpegint.h" />
    <ClInclude Include="CMUgraphicsLib\jpeg\jpeglib.h" />
    <ClInclude Include="CMUgraphicsLib\jpeg\jversion.h" />
    <ClInclude Include="Figures\CCircle.h" />
    <ClInclude Include="Figures\CFigure.h" />
    <ClInclude Include="Figures\CHexagon.h" />
    <ClInclude Include="Figures\CRectangle.h" />
    <ClInclude Include="Actions\Action.h" />
    <ClInclude Include="Actions\AddRectAction.h" />
    <ClInclude Include="Figures\CSquare.h" />
    <ClInclude Include="Figures\CTriangle.h" />
    <ClInclude Include="GUI\Input.h" />
    <ClInclude Include="GUI\Output.h" />
    <ClInclude Include="GUI\UI_Info.h" />
    <ClInclude Include="ApplicationManager.h" />
    <ClInclude Include="DEFS.h" />
    <ClInclude Include="Figures\CTriangle.h">
      <Filter>Figures Classes</Filter>
    </ClInclude>
    <ClInclude Include="Figures\CCircle.h">
      <Filter>Figures Classes</Filter>
    </ClInclude>
    <ClInclude Include="Figures\CHexagon.h">
      <Filter>Figures Classes</Filter>
    </ClInclude>
    <ClInclude Include="Figures\CSquare.h">
      <Filter>Figures Classes</Filter>
    </ClInclude>
    <ClInclude Include="Actions\AddSqrAction.h">
      <Filter>Action Classes</Filter>
    </ClInclude>
    <ClInclude Include="Actions\AddTriAction.h">
      <Filter>Action Classes</Filter>
    </ClInclude>
    <ClInclude Include="Actions\AddCircAction.h">
      <Filter>Action Classes</Filter>
    </ClInclude>
    <ClInclude Include="Actions\AddHexAction.h">
      <Filter>Action Classes</Filter>
    </ClInclude>
    <ClInclude Include="SaveAction.h">
      <Filter>Action Classes</Filter>
    </ClInclude>
  </ItemGroup>
  <ItemGroup>
    <None Include="ClassDiagram.cd" />
  </ItemGroup>
</Project>